
Microsoft Visual Studio Solution File, Format Version 12.00
# Visual Studio Version 17
VisualStudioVersion = 17.10.35013.160
MinimumVisualStudioVersion = 10.0.40219.1
Project("{FAE04EC0-301F-11D3-BF4B-00C04F79EFBC}") = "E_Commerce_Clothes", "E_Commerce_Clothes\E_Commerce_Clothes.csproj", "{8ACC9429-4542-46C8-B1B4-EE1BEEBAA579}"
EndProject
Global
	GlobalSection(SolutionConfigurationPlatforms) = preSolution
		Debug|Any CPU = Debug|Any CPU
		Release|Any CPU = Release|Any CPU
	EndGlobalSection
	GlobalSection(ProjectConfigurationPlatforms) = postSolution
		{8ACC9429-4542-46C8-B1B4-EE1BEEBAA579}.Debug|Any CPU.ActiveCfg = Debug|Any CPU
		{8ACC9429-4542-46C8-B1B4-EE1BEEBAA579}.Debug|Any CPU.Build.0 = Debug|Any CPU
		{8ACC9429-4542-46C8-B1B4-EE1BEEBAA579}.Release|Any CPU.ActiveCfg = Release|Any CPU
		{8ACC9429-4542-46C8-B1B4-EE1BEEBAA579}.Release|Any CPU.Build.0 = Release|Any CPU
	EndGlobalSection
	GlobalSection(SolutionProperties) = preSolution
		HideSolutionNode = FALSE
	EndGlobalSection
	GlobalSection(ExtensibilityGlobals) = postSolution
		SolutionGuid = {886D842A-9589-4D95-AC14-2DB2921560D9}
	EndGlobalSection
EndGlobal
